<?xml version="1.0" encoding="utf-8"?>
<Project ToolsVersion="4.0" xmlns="http://schemas.microsoft.com/developer/msbuild/2003">
  <ItemGroup>
    <Filter Include="Graphics">
      <UniqueIdentifier>{75b4796d-21a5-4759-a7c2-f75df4499660}</UniqueIdentifier>
    </Filter>
    <Filter Include="GUI">
      <UniqueIdentifier>{6e0d7f4d-3903-4460-98a5-27addd5c76f5}</UniqueIdentifier>
    </Filter>
    <Filter Include="Networking">
      <UniqueIdentifier>{cd1eab4f-ce86-4ecf-88f8-616de0714eb6}</UniqueIdentifier>
    </Filter>
    <Filter Include="Utilities">
      <UniqueIdentifier>{78f7ea17-1cad-4c0a-b16b-a769a032f84c}</UniqueIdentifier>
    </Filter>
    <Filter Include="GUI\Layout">
      <UniqueIdentifier>{dddc81aa-f9f7-4c2b-b8fb-6fbd83e476e0}</UniqueIdentifier>
    </Filter>
    <Filter Include="GUI\Style">
      <UniqueIdentifier>{d971c4dc-de65-43b4-90ce-3f019ab39ddc}</UniqueIdentifier>
    </Filter>
    <Filter Include="GUI\Widgets">
      <UniqueIdentifier>{8cec358a-5ed4-4a4e-8c73-07e12209691a}</UniqueIdentifier>
    </Filter>
  </ItemGroup>
  <ItemGroup>
    <ClCompile Include="Graphics\Graphics.cpp">
      <Filter>Graphics</Filter>
    </ClCompile>
    <ClCompile Include="Graphics\Polygon.cpp">
      <Filter>Graphics</Filter>
    </ClCompile>
    <ClCompile Include="GUI\FONT.cpp">
      <Filter>GUI</Filter>
    </ClCompile>
    <ClCompile Include="GUI\GUI.cpp">
      <Filter>GUI</Filter>
    </ClCompile>
    <ClCompile Include="Networking\Client.cpp">
      <Filter>Networking</Filter>
    </ClCompile>
    <ClCompile Include="Networking\ENCRYPTION_ENGINE.cpp">
      <Filter>Networking</Filter>
    </ClCompile>
    <ClCompile Include="Networking\ENCRYPTION_PROFILE.cpp">
      <Filter>Networking</Filter>
    </ClCompile>
    <ClCompile Include="Networking\Hermes.cpp">
      <Filter>Networking</Filter>
    </ClCompile>
    <ClCompile Include="Networking\Server.cpp">
      <Filter>Networking</Filter>
    </ClCompile>
    <ClCompile Include="Utilities\DEVICE_MANAGER.cpp">
      <Filter>Utilities</Filter>
    </ClCompile>
    <ClCompile Include="Utilities\EVENT.cpp">
      <Filter>Utilities</Filter>
    </ClCompile>
    <ClCompile Include="Utilities\INDEX_QUEUE.cpp">
      <Filter>Utilities</Filter>
    </ClCompile>
    <ClCompile Include="Utilities\LOGGING.cpp">
      <Filter>Utilities</Filter>
    </ClCompile>
    <ClCompile Include="Utilities\Utils.cpp">
      <Filter>Utilities</Filter>
    </ClCompile>
    <ClCompile Include="Networking\UDP_Client.cpp">
      <Filter>Networking</Filter>
    </ClCompile>
    <ClCompile Include="Utilities\FPS_LIMITER.cpp">
      <Filter>Utilities</Filter>
    </ClCompile>
    <ClCompile Include="Utilities\TIMER.cpp">
      <Filter>Utilities</Filter>
    </ClCompile>
    <ClCompile Include="GUI\Layout\Layout_Engine.cpp">
      <Filter>GUI\Layout</Filter>
    </ClCompile>
    <ClCompile Include="GUI\Layout\Layout_Utilities.cpp">
      <Filter>GUI\Layout</Filter>
    </ClCompile>
    <ClCompile Include="GUI\Layout\nuklear_plus.cpp">
      <Filter>GUI\Layout</Filter>
    </ClCompile>
    <ClCompile Include="GUI\Style\Nk_Button_Style.cpp">
      <Filter>GUI\Style</Filter>
    </ClCompile>
    <ClCompile Include="GUI\Style\Nk_Combo_Style.cpp">
      <Filter>GUI\Style</Filter>
    </ClCompile>
    <ClCompile Include="GUI\Style\Nk_Edit_Style.cpp">
      <Filter>GUI\Style</Filter>
    </ClCompile>
    <ClCompile Include="GUI\Style\Nk_Scrollbar_Style.cpp">
      <Filter>GUI\Style</Filter>
    </ClCompile>
    <ClCompile Include="GUI\Style\Nk_Slider_Style.cpp">
      <Filter>GUI\Style</Filter>
    </ClCompile>
    <ClCompile Include="GUI\Style\Nk_Text_Style.cpp">
      <Filter>GUI\Style</Filter>
    </ClCompile>
    <ClCompile Include="GUI\Style\Nk_Toggle_Style.cpp">
      <Filter>GUI\Style</Filter>
    </ClCompile>
    <ClCompile Include="GUI\Style\Nk_Window_Header_Style.cpp">
      <Filter>GUI\Style</Filter>
    </ClCompile>
    <ClCompile Include="GUI\Style\Nk_Window_Style.cpp">
      <Filter>GUI\Style</Filter>
    </ClCompile>
    <ClCompile Include="GUI\Style\palette.cpp">
      <Filter>GUI\Style</Filter>
    </ClCompile>
    <ClCompile Include="GUI\Widgets\Checkbox.cpp">
      <Filter>GUI\Widgets</Filter>
    </ClCompile>
    <ClCompile Include="GUI\Widgets\Combobox.cpp">
      <Filter>GUI\Widgets</Filter>
    </ClCompile>
    <ClCompile Include="GUI\Widgets\Image.cpp">
      <Filter>GUI\Widgets</Filter>
    </ClCompile>
    <ClCompile Include="GUI\Widgets\Image_Button.cpp">
      <Filter>GUI\Widgets</Filter>
    </ClCompile>
    <ClCompile Include="GUI\Widgets\Label.cpp">
      <Filter>GUI\Widgets</Filter>
    </ClCompile>
    <ClCompile Include="GUI\Widgets\Panel.cpp">
      <Filter>GUI\Widgets</Filter>
    </ClCompile>
    <ClCompile Include="GUI\Widgets\Slider.cpp">
      <Filter>GUI\Widgets</Filter>
    </ClCompile>
    <ClCompile Include="GUI\Widgets\Textbox.cpp">
      <Filter>GUI\Widgets</Filter>
    </ClCompile>
    <ClCompile Include="GUI\Widgets\Button.cpp">
      <Filter>GUI\Widgets</Filter>
    </ClCompile>
    <ClCompile Include="GUI\Widgets\Button_Events.cpp">
      <Filter>GUI\Widgets</Filter>
    </ClCompile>
    <ClCompile Include="GUI\Widgets\Calendar.cpp">
      <Filter>GUI\Widgets</Filter>
    </ClCompile>
    <ClCompile Include="Utilities\tm_ext.cpp">
      <Filter>Utilities</Filter>
    </ClCompile>
    <ClCompile Include="Utilities\Function_Pointers.cpp">
      <Filter>Utilities</Filter>
    </ClCompile>
    <ClCompile Include="GUI\Widgets\Button_Package.cpp">
      <Filter>GUI\Widgets</Filter>
    </ClCompile>
    <ClCompile Include="GUI\Widgets\Render_Utilities.cpp">
      <Filter>GUI\Widgets</Filter>
    </ClCompile>
    <ClCompile Include="Networking\DNS_WRAPPER.cpp">
      <Filter>Networking</Filter>
    </ClCompile>
    <ClCompile Include="Utilities\KEYBOARD.cpp">
      <Filter>Utilities</Filter>
    </ClCompile>
    <ClCompile Include="Utilities\MOUSE.cpp">
      <Filter>Utilities</Filter>
    </ClCompile>
    <ClCompile Include="Utilities\Debugging.cpp" />
    <ClCompile Include="Utilities\Nk_Debugging.cpp" />
    <ClCompile Include="GUI\Mouse_UI.cpp" />
    <ClCompile Include="GUI\NK_FB.cpp" />
    <ClCompile Include="GUI\NK_GLES2.cpp" />
    <ClCompile Include="GUI\nk_ops.cpp" />
    <ClCompile Include="GUI\Progress_Tracker.cpp" />
    <ClCompile Include="GUI\Raw_Picture.cpp" />
    <ClCompile Include="GUI\Texture.cpp" />
    <ClCompile Include="GUI\Texture_Manager.cpp" />
    <ClCompile Include="GUI\utilities.cpp" />
    <ClCompile Include="GUI\Layout\Alignment.cpp" />
    <ClCompile Include="GUI\Layout\Breadth_Buffer_Pair.cpp" />
    <ClCompile Include="GUI\Layout\Layout_Size.cpp" />
    <ClCompile Include="GUI\Layout\Rect_Transform.cpp" />
    <ClCompile Include="GUI\Layout\Size_Transform.cpp" />
    <ClCompile Include="GUI\Style\Abstract_Button_Colors.cpp" />
    <ClCompile Include="GUI\Style\Abstract_Button_Style.cpp" />
    <ClCompile Include="GUI\Style\Abstract_Selectable_Style.cpp" />
    <ClCompile Include="GUI\Style\Palette_Color.cpp" />
    <ClCompile Include="GUI\Style\Structs\Border.cpp" />
    <ClCompile Include="GUI\Style\Structs\Color.cpp" />
    <ClCompile Include="GUI\Style\Structs\Color_Diff.cpp" />
    <ClCompile Include="GUI\Style\Structs\Panel_Data.cpp" />
    <ClCompile Include="GUI\Style\Structs\Style_Item.cpp" />
    <ClCompile Include="GUI\Style\Structs\Symbol_Type.cpp" />
    <ClCompile Include="GUI\Style\Structs\Text_Data.cpp" />
    <ClCompile Include="GUI\Style\Structs\User_Callback.cpp" />
    <ClCompile Include="GUI\Widgets\Abstract_Button.cpp" />
    <ClCompile Include="GUI\Widgets\Abstract_Selectable.cpp" />
    <ClCompile Include="GUI\Widgets\Abstract_Selectable_Radio.cpp" />
    <ClCompile Include="GUI\Widgets\Checkbox_Radio_Package.cpp" />
    <ClCompile Include="GUI\Widgets\Embedded_Animator.cpp" />
    <ClCompile Include="GUI\Widgets\Message_Box.cpp" />
    <ClCompile Include="GUI\Widgets\Progress_UI.cpp" />
    <ClCompile Include="GUI\Widgets\Pullout.cpp" />
    <ClCompile Include="GUI\Widgets\Simple_Ellipsis_Animation.cpp" />
    <ClCompile Include="GUI\Widgets\Utils\Abstract_Button_Utils.cpp" />
    <ClCompile Include="GUI\Widgets\Utils\Message_Box_Args.cpp" />
    <ClCompile Include="GUI\Widgets\Utils\Radio_Package_Utils.cpp" />
    <ClCompile Include="GUI\Widgets\Utils\Textbox_Args.cpp" />
    <ClCompile Include="Graphics\RGB2YUV.cpp" />
    <ClCompile Include="Graphics\YUV2RGB.cpp" />
  </ItemGroup>
  <ItemGroup>
    <ClInclude Include="Graphics\Graphics.h">
      <Filter>Graphics</Filter>
    </ClInclude>
    <ClInclude Include="Graphics\Polygon.h">
      <Filter>Graphics</Filter>
    </ClInclude>
    <ClInclude Include="GUI\avir.h">
      <Filter>GUI</Filter>
    </ClInclude>
    <ClInclude Include="GUI\FONT.h">
      <Filter>GUI</Filter>
    </ClInclude>
    <ClInclude Include="GUI\GUI.h">
      <Filter>GUI</Filter>
    </ClInclude>
    <ClInclude Include="GUI\nuklear.h">
      <Filter>GUI</Filter>
    </ClInclude>
    <ClInclude Include="GUI\stb_image.h">
      <Filter>GUI</Filter>
    </ClInclude>
    <ClInclude Include="GUI\stb_truetype.h">
      <Filter>GUI</Filter>
    </ClInclude>
    <ClInclude Include="Networking\Client.h">
      <Filter>Networking</Filter>
    </ClInclude>
    <ClInclude Include="Networking\ENCRYPTION_ENGINE.h">
      <Filter>Networking</Filter>
    </ClInclude>
    <ClInclude Include="Networking\ENCRYPTION_PROFILE.h">
      <Filter>Networking</Filter>
    </ClInclude>
    <ClInclude Include="Networking\Hermes.h">
      <Filter>Networking</Filter>
    </ClInclude>
    <ClInclude Include="Networking\Networking.h">
      <Filter>Networking</Filter>
    </ClInclude>
    <ClInclude Include="Networking\Server.h">
      <Filter>Networking</Filter>
    </ClInclude>
    <ClInclude Include="Utilities\CONCURRENT_QUEUE.h">
      <Filter>Utilities</Filter>
    </ClInclude>
    <ClInclude Include="Utilities\DEVICE_MANAGER.h">
      <Filter>Utilities</Filter>
    </ClInclude>
    <ClInclude Include="Utilities\EVENT.h">
      <Filter>Utilities</Filter>
    </ClInclude>
    <ClInclude Include="Utilities\INDEX_QUEUE.h">
      <Filter>Utilities</Filter>
    </ClInclude>
    <ClInclude Include="Utilities\LOGGING.h">
      <Filter>Utilities</Filter>
    </ClInclude>
    <ClInclude Include="Utilities\Utils.h">
      <Filter>Utilities</Filter>
    </ClInclude>
    <ClInclude Include="Networking\direntwin.h">
      <Filter>Networking</Filter>
    </ClInclude>
    <ClInclude Include="Networking\UDP_Client.h">
      <Filter>Networking</Filter>
    </ClInclude>
    <ClInclude Include="Utilities\FPS_LIMITER.h">
      <Filter>Utilities</Filter>
    </ClInclude>
    <ClInclude Include="Utilities\TIMER.h">
      <Filter>Utilities</Filter>
    </ClInclude>
    <ClInclude Include="GUI\Layout.h">
      <Filter>GUI</Filter>
    </ClInclude>
    <ClInclude Include="GUI\Style.h">
      <Filter>GUI</Filter>
    </ClInclude>
    <ClInclude Include="GUI\Widgets.h">
      <Filter>GUI</Filter>
    </ClInclude>
    <ClInclude Include="GUI\Layout\Layout_Engine.h">
      <Filter>GUI\Layout</Filter>
    </ClInclude>
    <ClInclude Include="GUI\Layout\Layout_Utilities.h">
      <Filter>GUI\Layout</Filter>
    </ClInclude>
    <ClInclude Include="GUI\Layout\nuklear_plus.h">
      <Filter>GUI\Layout</Filter>
    </ClInclude>
    <ClInclude Include="GUI\Style\Nk_Button_Style.h">
      <Filter>GUI\Style</Filter>
    </ClInclude>
    <ClInclude Include="GUI\Style\Nk_Combo_Style.h">
      <Filter>GUI\Style</Filter>
    </ClInclude>
    <ClInclude Include="GUI\Style\Nk_Edit_Style.h">
      <Filter>GUI\Style</Filter>
    </ClInclude>
    <ClInclude Include="GUI\Style\Nk_Scrollbar_Style.h">
      <Filter>GUI\Style</Filter>
    </ClInclude>
    <ClInclude Include="GUI\Style\Nk_Slider_Style.h">
      <Filter>GUI\Style</Filter>
    </ClInclude>
    <ClInclude Include="GUI\Style\Nk_Text_Style.h">
      <Filter>GUI\Style</Filter>
    </ClInclude>
    <ClInclude Include="GUI\Style\Nk_Toggle_Style.h">
      <Filter>GUI\Style</Filter>
    </ClInclude>
    <ClInclude Include="GUI\Style\Nk_Window_Header_Style.h">
      <Filter>GUI\Style</Filter>
    </ClInclude>
    <ClInclude Include="GUI\Style\Nk_Window_Style.h">
      <Filter>GUI\Style</Filter>
    </ClInclude>
    <ClInclude Include="GUI\Style\palette.h">
      <Filter>GUI\Style</Filter>
    </ClInclude>
    <ClInclude Include="GUI\Widgets\Calendar.h">
      <Filter>GUI\Widgets</Filter>
    </ClInclude>
    <ClInclude Include="GUI\Widgets\Checkbox.h">
      <Filter>GUI\Widgets</Filter>
    </ClInclude>
    <ClInclude Include="GUI\Widgets\Combobox.h">
      <Filter>GUI\Widgets</Filter>
    </ClInclude>
    <ClInclude Include="GUI\Widgets\Image.h">
      <Filter>GUI\Widgets</Filter>
    </ClInclude>
    <ClInclude Include="GUI\Widgets\Image_Button.h">
      <Filter>GUI\Widgets</Filter>
    </ClInclude>
    <ClInclude Include="GUI\Widgets\Label.h">
      <Filter>GUI\Widgets</Filter>
    </ClInclude>
    <ClInclude Include="GUI\Widgets\Panel.h">
      <Filter>GUI\Widgets</Filter>
    </ClInclude>
    <ClInclude Include="GUI\Widgets\Slider.h">
      <Filter>GUI\Widgets</Filter>
    </ClInclude>
    <ClInclude Include="GUI\Widgets\Textbox.h">
      <Filter>GUI\Widgets</Filter>
    </ClInclude>
    <ClInclude Include="GUI\Widgets\Button.h">
      <Filter>GUI\Widgets</Filter>
    </ClInclude>
    <ClInclude Include="GUI\Widgets\Button_Events.h">
      <Filter>GUI\Widgets</Filter>
    </ClInclude>
    <ClInclude Include="Utilities\tm_ext.h">
      <Filter>Utilities</Filter>
    </ClInclude>
    <ClInclude Include="Utilities\vararg_ext.h">
      <Filter>Utilities</Filter>
    </ClInclude>
    <ClInclude Include="Utilities\Function_Pointers.h">
      <Filter>Utilities</Filter>
    </ClInclude>
    <ClInclude Include="GUI\Widgets\Button_Package.h">
      <Filter>GUI\Widgets</Filter>
    </ClInclude>
    <ClInclude Include="GUI\Widgets\Render_Utilities.h">
      <Filter>GUI\Widgets</Filter>
    </ClInclude>
    <ClInclude Include="Networking\DNS_WRAPPER.h">
      <Filter>Networking</Filter>
    </ClInclude>
    <ClInclude Include="Utilities\KEYBOARD.h">
      <Filter>Utilities</Filter>
    </ClInclude>
    <ClInclude Include="Utilities\MOUSE.h">
      <Filter>Utilities</Filter>
    </ClInclude>
    <ClInclude Include="Utilities\input-event-codeswin.h">
      <Filter>Utilities</Filter>
    </ClInclude>
    <ClInclude Include="Utilities\Debugging.h" />
    <ClInclude Include="Utilities\Nk_Debugging.h" />
    <ClInclude Include="Utilities\Stuff.h" />
    <ClInclude Include="GUI\Mouse_UI.h" />
    <ClInclude Include="GUI\NK_BASE.h" />
    <ClInclude Include="GUI\NK_FB.h" />
    <ClInclude Include="GUI\NK_GLES2.h" />
    <ClInclude Include="GUI\nk_ops.h" />
    <ClInclude Include="GUI\Progress_Tracker.h" />
    <ClInclude Include="GUI\Raw_Picture.h" />
    <ClInclude Include="GUI\Texture.h" />
    <ClInclude Include="GUI\Texture_Manager.h" />
    <ClInclude Include="GUI\utilities.h" />
    <ClInclude Include="GUI\Layout\Alignment.h" />
    <ClInclude Include="GUI\Layout\Breadth_Buffer_Pair.h" />
    <ClInclude Include="GUI\Layout\Layout_Size.h" />
    <ClInclude Include="GUI\Layout\Size_Transform.h" />
    <ClInclude Include="GUI\Layout\Rect_Transform.h" />
    <ClInclude Include="GUI\Style\Abstract_Button_Colors.h" />
    <ClInclude Include="GUI\Style\Abstract_Button_Style.h" />
    <ClInclude Include="GUI\Style\Abstract_Selectable_Style.h" />
    <ClInclude Include="GUI\Style\Palette_Color.h" />
    <ClInclude Include="GUI\Style\Style_Codes.h" />
    <ClInclude Include="GUI\Style\Structs\Border.h" />
    <ClInclude Include="GUI\Style\Structs\Color.h" />
    <ClInclude Include="GUI\Style\Structs\Color_Diff.h" />
    <ClInclude Include="GUI\Style\Structs\Panel_Data.h" />
    <ClInclude Include="GUI\Style\Structs\Style_Item.h" />
    <ClInclude Include="GUI\Style\Structs\Style_Structs.h" />
    <ClInclude Include="GUI\Style\Structs\Symbol_Type.h" />
    <ClInclude Include="GUI\Style\Structs\Text_Data.h" />
    <ClInclude Include="GUI\Style\Structs\User_Callback.h" />
    <ClInclude Include="GUI\Widgets\Abstract_Button.h" />
    <ClInclude Include="GUI\Widgets\Abstract_Selectable.h" />
    <ClInclude Include="GUI\Widgets\Abstract_Selectable_Radio.h" />
    <ClInclude Include="GUI\Widgets\Checkbox_Radio_Package.h" />
    <ClInclude Include="GUI\Widgets\Embedded_Animator.h" />
    <ClInclude Include="GUI\Widgets\Message_Box.h" />
    <ClInclude Include="GUI\Widgets\Progress_UI.h" />
    <ClInclude Include="GUI\Widgets\Pullout.h" />
    <ClInclude Include="GUI\Widgets\Simple_Ellipsis_Animation.h" />
    <ClInclude Include="GUI\Widgets\Utils\Abstract_Button_Utils.h" />
    <ClInclude Include="GUI\Widgets\Utils\Message_Box_Args.h" />
    <ClInclude Include="GUI\Widgets\Utils\Radio_Package_Utils.h" />
    <ClInclude Include="GUI\Widgets\Utils\Textbox_Args.h" />
    <ClInclude Include="Graphics\RGB2YUV.h" />
    <ClInclude Include="Graphics\SCREEN_DIM.h" />
    <ClInclude Include="Graphics\YUV2RGB.h" />
  </ItemGroup>
  <ItemGroup>
    <None Include="packages.config" />
  </ItemGroup>
</Project>