<?xml version="1.0" encoding="utf-8"?>
<Project ToolsVersion="4.0" xmlns="http://schemas.microsoft.com/developer/msbuild/2003">
  <ItemGroup>
    <Filter Include="Graphics">
      <UniqueIdentifier>{75b4796d-21a5-4759-a7c2-f75df4499660}</UniqueIdentifier>
    </Filter>
    <Filter Include="GUI">
      <UniqueIdentifier>{6e0d7f4d-3903-4460-98a5-27addd5c76f5}</UniqueIdentifier>
    </Filter>
    <Filter Include="Networking">
      <UniqueIdentifier>{cd1eab4f-ce86-4ecf-88f8-616de0714eb6}</UniqueIdentifier>
    </Filter>
    <Filter Include="Utilities">
      <UniqueIdentifier>{78f7ea17-1cad-4c0a-b16b-a769a032f84c}</UniqueIdentifier>
    </Filter>
    <Filter Include="GUI\Layout">
      <UniqueIdentifier>{dddc81aa-f9f7-4c2b-b8fb-6fbd83e476e0}</UniqueIdentifier>
    </Filter>
    <Filter Include="GUI\Style">
      <UniqueIdentifier>{d971c4dc-de65-43b4-90ce-3f019ab39ddc}</UniqueIdentifier>
    </Filter>
    <Filter Include="GUI\Widgets">
      <UniqueIdentifier>{8cec358a-5ed4-4a4e-8c73-07e12209691a}</UniqueIdentifier>
    </Filter>
  </ItemGroup>
  <ItemGroup>
    <ClCompile Include="Graphics\Graphics.cpp">
      <Filter>Graphics</Filter>
    </ClCompile>
    <ClCompile Include="Graphics\Polygon.cpp">
      <Filter>Graphics</Filter>
    </ClCompile>
    <ClCompile Include="GUI\BMP.cpp">
      <Filter>GUI</Filter>
    </ClCompile>
    <ClCompile Include="GUI\FONT.cpp">
      <Filter>GUI</Filter>
    </ClCompile>
    <ClCompile Include="GUI\GUI.cpp">
      <Filter>GUI</Filter>
    </ClCompile>
    <ClCompile Include="GUI\KEYBOARD.cpp">
      <Filter>GUI</Filter>
    </ClCompile>
    <ClCompile Include="GUI\MOUSE.cpp">
      <Filter>GUI</Filter>
    </ClCompile>
    <ClCompile Include="Networking\Client.cpp">
      <Filter>Networking</Filter>
    </ClCompile>
    <ClCompile Include="Networking\ENCRYPTION_ENGINE.cpp">
      <Filter>Networking</Filter>
    </ClCompile>
    <ClCompile Include="Networking\ENCRYPTION_PROFILE.cpp">
      <Filter>Networking</Filter>
    </ClCompile>
    <ClCompile Include="Networking\Hermes.cpp">
      <Filter>Networking</Filter>
    </ClCompile>
    <ClCompile Include="Networking\Server.cpp">
      <Filter>Networking</Filter>
    </ClCompile>
    <ClCompile Include="Utilities\DEVICE_MANAGER.cpp">
      <Filter>Utilities</Filter>
    </ClCompile>
    <ClCompile Include="Utilities\EVENT.cpp">
      <Filter>Utilities</Filter>
    </ClCompile>
    <ClCompile Include="Utilities\INDEX_QUEUE.cpp">
      <Filter>Utilities</Filter>
    </ClCompile>
    <ClCompile Include="Utilities\LOGGING.cpp">
      <Filter>Utilities</Filter>
    </ClCompile>
    <ClCompile Include="Utilities\Utils.cpp">
      <Filter>Utilities</Filter>
    </ClCompile>
    <ClCompile Include="Networking\UDP_Client.cpp">
      <Filter>Networking</Filter>
    </ClCompile>
    <ClCompile Include="Utilities\FPS_LIMITER.cpp">
      <Filter>Utilities</Filter>
    </ClCompile>
    <ClCompile Include="Utilities\TIMER.cpp">
      <Filter>Utilities</Filter>
    </ClCompile>
    <ClCompile Include="GUI\BMP_Baker.cpp">
      <Filter>GUI</Filter>
    </ClCompile>
    <ClCompile Include="GUI\Layout\Layout_Engine.cpp">
      <Filter>GUI\Layout</Filter>
    </ClCompile>
    <ClCompile Include="GUI\Layout\Layout_Utilities.cpp">
      <Filter>GUI\Layout</Filter>
    </ClCompile>
    <ClCompile Include="GUI\Layout\nuklear_plus.cpp">
      <Filter>GUI\Layout</Filter>
    </ClCompile>
    <ClCompile Include="GUI\Layout\Size_Transform.cpp">
      <Filter>GUI\Layout</Filter>
    </ClCompile>
    <ClCompile Include="GUI\Style\Button_Images.cpp">
      <Filter>GUI\Style</Filter>
    </ClCompile>
    <ClCompile Include="GUI\Style\Nk_Button_Style.cpp">
      <Filter>GUI\Style</Filter>
    </ClCompile>
    <ClCompile Include="GUI\Style\Nk_Combo_Style.cpp">
      <Filter>GUI\Style</Filter>
    </ClCompile>
    <ClCompile Include="GUI\Style\Nk_Edit_Style.cpp">
      <Filter>GUI\Style</Filter>
    </ClCompile>
    <ClCompile Include="GUI\Style\Nk_Scrollbar_Style.cpp">
      <Filter>GUI\Style</Filter>
    </ClCompile>
    <ClCompile Include="GUI\Style\Nk_Slider_Style.cpp">
      <Filter>GUI\Style</Filter>
    </ClCompile>
    <ClCompile Include="GUI\Style\Nk_Text_Style.cpp">
      <Filter>GUI\Style</Filter>
    </ClCompile>
    <ClCompile Include="GUI\Style\Nk_Toggle_Style.cpp">
      <Filter>GUI\Style</Filter>
    </ClCompile>
    <ClCompile Include="GUI\Style\Nk_Window_Header_Style.cpp">
      <Filter>GUI\Style</Filter>
    </ClCompile>
    <ClCompile Include="GUI\Style\Nk_Window_Style.cpp">
      <Filter>GUI\Style</Filter>
    </ClCompile>
    <ClCompile Include="GUI\Style\palette.cpp">
      <Filter>GUI\Style</Filter>
    </ClCompile>
    <ClCompile Include="GUI\Widgets\Checkbox.cpp">
      <Filter>GUI\Widgets</Filter>
    </ClCompile>
    <ClCompile Include="GUI\Widgets\Combobox.cpp">
      <Filter>GUI\Widgets</Filter>
    </ClCompile>
    <ClCompile Include="GUI\Widgets\Image.cpp">
      <Filter>GUI\Widgets</Filter>
    </ClCompile>
    <ClCompile Include="GUI\Widgets\Image_Button.cpp">
      <Filter>GUI\Widgets</Filter>
    </ClCompile>
    <ClCompile Include="GUI\Widgets\Label.cpp">
      <Filter>GUI\Widgets</Filter>
    </ClCompile>
    <ClCompile Include="GUI\Widgets\Nav_Buttons.cpp">
      <Filter>GUI\Widgets</Filter>
    </ClCompile>
    <ClCompile Include="GUI\Widgets\Panel.cpp">
      <Filter>GUI\Widgets</Filter>
    </ClCompile>
    <ClCompile Include="GUI\Widgets\Slider.cpp">
      <Filter>GUI\Widgets</Filter>
    </ClCompile>
    <ClCompile Include="GUI\Widgets\Textbox.cpp">
      <Filter>GUI\Widgets</Filter>
    </ClCompile>
    <ClCompile Include="GUI\Widgets\Animator.cpp">
      <Filter>GUI\Widgets</Filter>
    </ClCompile>
    <ClCompile Include="GUI\Widgets\Button.cpp">
      <Filter>GUI\Widgets</Filter>
    </ClCompile>
    <ClCompile Include="GUI\Widgets\Button_Events.cpp">
      <Filter>GUI\Widgets</Filter>
    </ClCompile>
    <ClCompile Include="GUI\Widgets\Calendar.cpp">
      <Filter>GUI\Widgets</Filter>
    </ClCompile>
    <ClCompile Include="Utilities\tm_ext.cpp">
      <Filter>Utilities</Filter>
    </ClCompile>
    <ClCompile Include="Utilities\utilities.cpp">
      <Filter>Utilities</Filter>
    </ClCompile>
    <ClCompile Include="Utilities\Function_Pointers.cpp">
      <Filter>Utilities</Filter>
    </ClCompile>
  </ItemGroup>
  <ItemGroup>
    <ClInclude Include="Graphics\Graphics.h">
      <Filter>Graphics</Filter>
    </ClInclude>
    <ClInclude Include="Graphics\Polygon.h">
      <Filter>Graphics</Filter>
    </ClInclude>
    <ClInclude Include="GUI\avir.h">
      <Filter>GUI</Filter>
    </ClInclude>
    <ClInclude Include="GUI\BMP.h">
      <Filter>GUI</Filter>
    </ClInclude>
    <ClInclude Include="GUI\FONT.h">
      <Filter>GUI</Filter>
    </ClInclude>
    <ClInclude Include="GUI\GUI.h">
      <Filter>GUI</Filter>
    </ClInclude>
    <ClInclude Include="GUI\KEYBOARD.h">
      <Filter>GUI</Filter>
    </ClInclude>
    <ClInclude Include="GUI\MOUSE.h">
      <Filter>GUI</Filter>
    </ClInclude>
    <ClInclude Include="GUI\nuklear.h">
      <Filter>GUI</Filter>
    </ClInclude>
    <ClInclude Include="GUI\stb_image.h">
      <Filter>GUI</Filter>
    </ClInclude>
    <ClInclude Include="GUI\stb_truetype.h">
      <Filter>GUI</Filter>
    </ClInclude>
    <ClInclude Include="Networking\Client.h">
      <Filter>Networking</Filter>
    </ClInclude>
    <ClInclude Include="Networking\ENCRYPTION_ENGINE.h">
      <Filter>Networking</Filter>
    </ClInclude>
    <ClInclude Include="Networking\ENCRYPTION_PROFILE.h">
      <Filter>Networking</Filter>
    </ClInclude>
    <ClInclude Include="Networking\Hermes.h">
      <Filter>Networking</Filter>
    </ClInclude>
    <ClInclude Include="Networking\Networking.h">
      <Filter>Networking</Filter>
    </ClInclude>
    <ClInclude Include="Networking\Server.h">
      <Filter>Networking</Filter>
    </ClInclude>
    <ClInclude Include="Utilities\CONCURRENT_QUEUE.h">
      <Filter>Utilities</Filter>
    </ClInclude>
    <ClInclude Include="Utilities\DEVICE_MANAGER.h">
      <Filter>Utilities</Filter>
    </ClInclude>
    <ClInclude Include="Utilities\EVENT.h">
      <Filter>Utilities</Filter>
    </ClInclude>
    <ClInclude Include="Utilities\INDEX_QUEUE.h">
      <Filter>Utilities</Filter>
    </ClInclude>
    <ClInclude Include="Utilities\LOGGING.h">
      <Filter>Utilities</Filter>
    </ClInclude>
    <ClInclude Include="Utilities\Utils.h">
      <Filter>Utilities</Filter>
    </ClInclude>
    <ClInclude Include="Networking\direntwin.h">
      <Filter>Networking</Filter>
    </ClInclude>
    <ClInclude Include="GUI\input-event-codeswin.h">
      <Filter>GUI</Filter>
    </ClInclude>
    <ClInclude Include="Networking\UDP_Client.h">
      <Filter>Networking</Filter>
    </ClInclude>
    <ClInclude Include="Utilities\FPS_LIMITER.h">
      <Filter>Utilities</Filter>
    </ClInclude>
    <ClInclude Include="Utilities\TIMER.h">
      <Filter>Utilities</Filter>
    </ClInclude>
    <ClInclude Include="GUI\Layout.h">
      <Filter>GUI</Filter>
    </ClInclude>
    <ClInclude Include="GUI\Style.h">
      <Filter>GUI</Filter>
    </ClInclude>
    <ClInclude Include="GUI\Widgets.h">
      <Filter>GUI</Filter>
    </ClInclude>
    <ClInclude Include="GUI\BMP_Baker.h">
      <Filter>GUI</Filter>
    </ClInclude>
    <ClInclude Include="GUI\Layout\Layout_Engine.h">
      <Filter>GUI\Layout</Filter>
    </ClInclude>
    <ClInclude Include="GUI\Layout\Layout_Utilities.h">
      <Filter>GUI\Layout</Filter>
    </ClInclude>
    <ClInclude Include="GUI\Layout\nuklear_plus.h">
      <Filter>GUI\Layout</Filter>
    </ClInclude>
    <ClInclude Include="GUI\Layout\Size_Transform.h">
      <Filter>GUI\Layout</Filter>
    </ClInclude>
    <ClInclude Include="GUI\Style\Button_Images.h">
      <Filter>GUI\Style</Filter>
    </ClInclude>
    <ClInclude Include="GUI\Style\Nk_Button_Style.h">
      <Filter>GUI\Style</Filter>
    </ClInclude>
    <ClInclude Include="GUI\Style\Nk_Combo_Style.h">
      <Filter>GUI\Style</Filter>
    </ClInclude>
    <ClInclude Include="GUI\Style\Nk_Edit_Style.h">
      <Filter>GUI\Style</Filter>
    </ClInclude>
    <ClInclude Include="GUI\Style\Nk_Scrollbar_Style.h">
      <Filter>GUI\Style</Filter>
    </ClInclude>
    <ClInclude Include="GUI\Style\Nk_Slider_Style.h">
      <Filter>GUI\Style</Filter>
    </ClInclude>
    <ClInclude Include="GUI\Style\Nk_Text_Style.h">
      <Filter>GUI\Style</Filter>
    </ClInclude>
    <ClInclude Include="GUI\Style\Nk_Toggle_Style.h">
      <Filter>GUI\Style</Filter>
    </ClInclude>
    <ClInclude Include="GUI\Style\Nk_Window_Header_Style.h">
      <Filter>GUI\Style</Filter>
    </ClInclude>
    <ClInclude Include="GUI\Style\Nk_Window_Style.h">
      <Filter>GUI\Style</Filter>
    </ClInclude>
    <ClInclude Include="GUI\Style\palette.h">
      <Filter>GUI\Style</Filter>
    </ClInclude>
    <ClInclude Include="GUI\Widgets\Calendar.h">
      <Filter>GUI\Widgets</Filter>
    </ClInclude>
    <ClInclude Include="GUI\Widgets\Checkbox.h">
      <Filter>GUI\Widgets</Filter>
    </ClInclude>
    <ClInclude Include="GUI\Widgets\Combobox.h">
      <Filter>GUI\Widgets</Filter>
    </ClInclude>
    <ClInclude Include="GUI\Widgets\Image.h">
      <Filter>GUI\Widgets</Filter>
    </ClInclude>
    <ClInclude Include="GUI\Widgets\Image_Button.h">
      <Filter>GUI\Widgets</Filter>
    </ClInclude>
    <ClInclude Include="GUI\Widgets\Label.h">
      <Filter>GUI\Widgets</Filter>
    </ClInclude>
    <ClInclude Include="GUI\Widgets\Nav_Buttons.h">
      <Filter>GUI\Widgets</Filter>
    </ClInclude>
    <ClInclude Include="GUI\Widgets\Panel.h">
      <Filter>GUI\Widgets</Filter>
    </ClInclude>
    <ClInclude Include="GUI\Widgets\Slider.h">
      <Filter>GUI\Widgets</Filter>
    </ClInclude>
    <ClInclude Include="GUI\Widgets\Textbox.h">
      <Filter>GUI\Widgets</Filter>
    </ClInclude>
    <ClInclude Include="GUI\Widgets\Animator.h">
      <Filter>GUI\Widgets</Filter>
    </ClInclude>
    <ClInclude Include="GUI\Widgets\Button.h">
      <Filter>GUI\Widgets</Filter>
    </ClInclude>
    <ClInclude Include="GUI\Widgets\Button_Events.h">
      <Filter>GUI\Widgets</Filter>
    </ClInclude>
    <ClInclude Include="Utilities\tm_ext.h">
      <Filter>Utilities</Filter>
    </ClInclude>
    <ClInclude Include="Utilities\utilities.h">
      <Filter>Utilities</Filter>
    </ClInclude>
    <ClInclude Include="Utilities\vararg_ext.h">
      <Filter>Utilities</Filter>
    </ClInclude>
    <ClInclude Include="Utilities\Function_Pointers.h">
      <Filter>Utilities</Filter>
    </ClInclude>
  </ItemGroup>
</Project>